# Generated by move; do not edit
# This file should be checked in.

[move]
version = 4

[pinned.testnet.AptosFramework]
source = { git = "https://github.com/aptos-labs/aptos-core.git", subdir = "aptos-move/framework/aptos-framework", rev = "e1c3de9d132ac6af5a446a70db838dbf6c98796c" }
use_environment = "testnet"
manifest_digest = "C924A1DD72F654232DD8FEBC0AE13E18A1F36490C87823757CA499A11BA46ADB"
deps = { AptosStdlib = "AptosStdlib", MoveStdlib = "MoveStdlib_1" }

[pinned.testnet.AptosStdlib]
source = { git = "https://github.com/aptos-labs/aptos-core.git", subdir = "aptos-move/framework/aptos-stdlib", rev = "e1c3de9d132ac6af5a446a70db838dbf6c98796c" }
use_environment = "testnet"
manifest_digest = "7AFB66695545775FBFBB2D3078ADFD084244D5002392E837FDE21D9EA1C6D01C"
deps = { MoveStdlib = "MoveStdlib_1" }

[pinned.testnet.MoveStdlib]
source = { git = "https://github.com/MystenLabs/sui.git", subdir = "crates/sui-framework/packages/move-stdlib", rev = "384b1c7ff289b32ed2664f29dc47dbc879fa43ee" }
use_environment = "testnet"
manifest_digest = "C4FE4C91DE74CBF223B2E380AE40F592177D21870DC2D7EB6227D2D694E05363"
deps = {}

[pinned.testnet.MoveStdlib_1]
source = { git = "https://github.com/aptos-labs/aptos-core.git", subdir = "aptos-move/framework/move-stdlib", rev = "e1c3de9d132ac6af5a446a70db838dbf6c98796c" }
use_environment = "testnet"
manifest_digest = "C4FE4C91DE74CBF223B2E380AE40F592177D21870DC2D7EB6227D2D694E05363"
deps = {}

[pinned.testnet.Sui]
source = { git = "https://github.com/MystenLabs/sui.git", subdir = "crates/sui-framework/packages/sui-framework", rev = "384b1c7ff289b32ed2664f29dc47dbc879fa43ee" }
use_environment = "testnet"
manifest_digest = "7AFB66695545775FBFBB2D3078ADFD084244D5002392E837FDE21D9EA1C6D01C"
deps = { MoveStdlib = "MoveStdlib" }

[pinned.testnet.civicnode]
source = { root = true }
use_environment = "testnet"
manifest_digest = "7505FB0C9DDFAA5A90D6DEF80314215EE20AF519B1BA48EA237FEDAE56357641"
deps = { AptosFramework = "AptosFramework", std = "MoveStdlib", sui = "Sui" }
